
Microsoft Visual Studio Solution File, Format Version 12.00
# Visual Studio 2013
VisualStudioVersion = 12.0.31101.0
MinimumVisualStudioVersion = 10.0.40219.1
Project("{FAE04EC0-301F-11D3-BF4B-00C04F79EFBC}") = "Student-Collection", "Student-Collection\Student-Collection.csproj", "{694A5DB2-C78A-43A6-AB42-BA3C6B06749A}"
EndProject
Global
	GlobalSection(SolutionConfigurationPlatforms) = preSolution
		Debug|Any CPU = Debug|Any CPU
		Release|Any CPU = Release|Any CPU
	EndGlobalSection
	GlobalSection(ProjectConfigurationPlatforms) = postSolution
		{694A5DB2-C78A-43A6-AB42-BA3C6B06749A}.Debug|Any CPU.ActiveCfg = Debug|Any CPU
		{694A5DB2-C78A-43A6-AB42-BA3C6B06749A}.Debug|Any CPU.Build.0 = Debug|Any CPU
		{694A5DB2-C78A-43A6-AB42-BA3C6B06749A}.Release|Any CPU.ActiveCfg = Release|Any CPU
		{694A5DB2-C78A-43A6-AB42-BA3C6B06749A}.Release|Any CPU.Build.0 = Release|Any CPU
	EndGlobalSection
	GlobalSection(SolutionProperties) = preSolution
		HideSolutionNode = FALSE
	EndGlobalSection
EndGlobal
